
Microsoft Visual Studio Solution File, Format Version 12.00
# Visual Studio Version 16
VisualStudioVersion = 16.0.31019.35
MinimumVisualStudioVersion = 10.0.40219.1
Project("{FAE04EC0-301F-11D3-BF4B-00C04F79EFBC}") = "PtsStore", "PtsStore\PtsStore.csproj", "{06D70A2D-4BC3-40DB-A206-25417E15AAF5}"
EndProject
Global
	GlobalSection(SolutionConfigurationPlatforms) = preSolution
		Debug|Any CPU = Debug|Any CPU
		Release|Any CPU = Release|Any CPU
	EndGlobalSection
	GlobalSection(ProjectConfigurationPlatforms) = postSolution
		{06D70A2D-4BC3-40DB-A206-25417E15AAF5}.Debug|Any CPU.ActiveCfg = Debug|Any CPU
		{06D70A2D-4BC3-40DB-A206-25417E15AAF5}.Debug|Any CPU.Build.0 = Debug|Any CPU
		{06D70A2D-4BC3-40DB-A206-25417E15AAF5}.Release|Any CPU.ActiveCfg = Release|Any CPU
		{06D70A2D-4BC3-40DB-A206-25417E15AAF5}.Release|Any CPU.Build.0 = Release|Any CPU
	EndGlobalSection
	GlobalSection(SolutionProperties) = preSolution
		HideSolutionNode = FALSE
	EndGlobalSection
	GlobalSection(ExtensibilityGlobals) = postSolution
		SolutionGuid = {CBF41408-66BA-403E-BA30-D56FCE0D6BB3}
	EndGlobalSection
EndGlobal
